// !$*UTF8*$!
{
	archiveVersion = 1;
	classes = {
	};
	objectVersion = 48;
	objects = {

/* Begin PBXBuildFile section */
		D68997CC1FCF9DA90008F831 /* AppDelegate.swift in Sources */ = {isa = PBXBuildFile; fileRef = D68997CB1FCF9DA90008F831 /* AppDelegate.swift */; };
		D68997CE1FCF9DAA0008F831 /* ViewController.swift in Sources */ = {isa = PBXBuildFile; fileRef = D68997CD1FCF9DAA0008F831 /* ViewController.swift */; };
		D68997D11FCF9DAA0008F831 /* Main.storyboard in Resources */ = {isa = PBXBuildFile; fileRef = D68997CF1FCF9DAA0008F831 /* Main.storyboard */; };
		D68997D31FCF9DAA0008F831 /* Assets.xcassets in Resources */ = {isa = PBXBuildFile; fileRef = D68997D21FCF9DAA0008F831 /* Assets.xcassets */; };
		D68997D61FCF9DAA0008F831 /* LaunchScreen.storyboard in Resources */ = {isa = PBXBuildFile; fileRef = D68997D41FCF9DAA0008F831 /* LaunchScreen.storyboard */; };
/* End PBXBuildFile section */

/* Begin PBXFileReference section */
		D68997C81FCF9DA90008F831 /* BusyBoBo.app */ = {isa = PBXFileReference; explicitFileType = wrapper.application; includeInIndex = 0; path = BusyBoBo.app; sourceTree = BUILT_PRODUCTS_DIR; };
		D68997CB1FCF9DA90008F831 /* AppDelegate.swift */ = {isa = PBXFileReference; lastKnownFileType = sourcecode.swift; path = AppDelegate.swift; sourceTree = "<group>"; };
		D68997CD1FCF9DAA0008F831 /* ViewController.swift */ = {isa = PBXFileReference; lastKnownFileType = sourcecode.swift; path = ViewController.swift; sourceTree = "<group>"; };
		D68997D01FCF9DAA0008F831 /* Base */ = {isa = PBXFileReference; lastKnownFileType = file.storyboard; name = Base; path = Base.lproj/Main.storyboard; sourceTree = "<group>"; };
		D68997D21FCF9DAA0008F831 /* Assets.xcassets */ = {isa = PBXFileReference; lastKnownFileType = folder.assetcatalog; path = Assets.xcassets; sourceTree = "<group>"; };
		D68997D51FCF9DAA0008F831 /* Base */ = {isa = PBXFileReference; lastKnownFileType = file.storyboard; name = Base; path = Base.lproj/LaunchScreen.storyboard; sourceTree = "<group>"; };
		D68997D71FCF9DAA0008F831 /* Info.plist */ = {isa = PBXFileReference; lastKnownFileType = text.plist.xml; path = Info.plist; sourceTree = "<group>"; };
/* End PBXFileReference section */

/* Begin PBXFrameworksBuildPhase section */
		D68997C51FCF9DA90008F831 /* Frameworks */ = {
			isa = PBXFrameworksBuildPhase;
			buildActionMask = 2147483647;
			files = (
			);
			runOnlyForDeploymentPostprocessing = 0;
		};
/* End PBXFrameworksBuildPhase section */

/* Begin PBXGroup section */
		D68997BF1FCF9DA90008F831 = {
			isa = PBXGroup;
			children = (
				D68997CA1FCF9DA90008F831 /* BusyBoBo */,
				D68997C91FCF9DA90008F831 /* Products */,
			);
			sourceTree = "<group>";
		};
		D68997C91FCF9DA90008F831 /* Products */ = {
			isa = PBXGroup;
			children = (
				D68997C81FCF9DA90008F831 /* BusyBoBo.app */,
			);
			name = Products;
			sourceTree = "<group>";
		};
		D68997CA1FCF9DA90008F831 /* BusyBoBo */ = {
			isa = PBXGroup;
			children = (
				D68997CB1FCF9DA90008F831 /* AppDelegate.swift */,
				D68997CD1FCF9DAA0008F831 /* ViewController.swift */,
				D68997CF1FCF9DAA0008F831 /* Main.storyboard */,
				D68997D21FCF9DAA0008F831 /* Assets.xcassets */,
				D68997D41FCF9DAA0008F831 /* LaunchScreen.storyboard */,
				D68997D71FCF9DAA0008F831 /* Info.plist */,
			);
			path = BusyBoBo;
			sourceTree = "<group>";
		};
/* End PBXGroup section */

/* Begin PBXNativeTarget section */
		D68997C71FCF9DA90008F831 /* BusyBoBo */ = {
			isa = PBXNativeTarget;
			buildConfigurationList = D68997DA1FCF9DAA0008F831 /* Build configuration list for PBXNativeTarget "BusyBoBo" */;
			buildPhases = (
				D68997C41FCF9DA90008F831 /* Sources */,
				D68997C51FCF9DA90008F831 /* Frameworks */,
				D68997C61FCF9DA90008F831 /* Resources */,
			);
			buildRules = (
			);
			dependencies = (
			);
			name = BusyBoBo;
			productName = BusyBoBo;
			productReference = D68997C81FCF9DA90008F831 /* BusyBoBo.app */;
			productType = "com.apple.product-type.application";
		};
/* End PBXNativeTarget section */

/* Begin PBXProject section */
		D68997C01FCF9DA90008F831 /* Project object */ = {
			isa = PBXProject;
			attributes = {
				LastSwiftUpdateCheck = 0910;
				LastUpgradeCheck = 0910;
				ORGANIZATIONNAME = BusyBoBo;
				TargetAttributes = {
					D68997C71FCF9DA90008F831 = {
						CreatedOnToolsVersion = 9.1;
						ProvisioningStyle = Automatic;
					};
				};
			};
			buildConfigurationList = D68997C31FCF9DA90008F831 /* Build configuration list for PBXProject "BusyBoBo" */;
			compatibilityVersion = "Xcode 8.0";
			developmentRegion = en;
			hasScannedForEncodings = 0;
			knownRegions = (
				en,
				Base,
			);
			mainGroup = D68997BF1FCF9DA90008F831;
			productRefGroup = D68997C91FCF9DA90008F831 /* Products */;
			projectDirPath = "";
			projectRoot = "";
			targets = (
				D68997C71FCF9DA90008F831 /* BusyBoBo */,
			);
		};
/* End PBXProject section */

/* Begin PBXResourcesBuildPhase section */
		D68997C61FCF9DA90008F831 /* Resources */ = {
			isa = PBXResourcesBuildPhase;
			buildActionMask = 2147483647;
			files = (
				D68997D61FCF9DAA0008F831 /* LaunchScreen.storyboard in Resources */,
				D68997D31FCF9DAA0008F831 /* Assets.xcassets in Resources */,
				D68997D11FCF9DAA0008F831 /* Main.storyboard in Resources */,
			);
			runOnlyForDeploymentPostprocessing = 0;
		};
/* End PBXResourcesBuildPhase section */

/* Begin PBXSourcesBuildPhase section */
		D68997C41FCF9DA90008F831 /* Sources */ = {
			isa = PBXSourcesBuildPhase;
			buildActionMask = 2147483647;
			files = (
				D68997CE1FCF9DAA0008F831 /* ViewController.swift in Sources */,
				D68997CC1FCF9DA90008F831 /* AppDelegate.swift in Sources */,
			);
			runOnlyForDeploymentPostprocessing = 0;
		};
/* End PBXSourcesBuildPhase section */

/* Begin PBXVariantGroup section */
		D68997CF1FCF9DAA0008F831 /* Main.storyboard */ = {
			isa = PBXVariantGroup;
			children = (
				D68997D01FCF9DAA0008F831 /* Base */,
			);
			name = Main.storyboard;
			sourceTree = "<group>";
		};
		D68997D41FCF9DAA0008F831 /* LaunchScreen.storyboard */ = {
			isa = PBXVariantGroup;
			children = (
				D68997D51FCF9DAA0008F831 /* Base */,
			);
			name = LaunchScreen.storyboard;
			sourceTree = "<group>";
		};
/* End PBXVariantGroup section */

/* Begin XCBuildConfiguration section */
		D68997D81FCF9DAA0008F831 /* Debug */ = {
			isa = XCBuildConfiguration;
			buildSettings = {
				ALWAYS_SEARCH_USER_PATHS = NO;
				CLANG_ANALYZER_NONNULL = YES;
				CLANG_ANALYZER_NUMBER_OBJECT_CONVERSION = YES_AGGRESSIVE;
				CLANG_CXX_LANGUAGE_STANDARD = "gnu++14";
				CLANG_CXX_LIBRARY = "libc++";
				CLANG_ENABLE_MODULES = YES;
				CLANG_ENABLE_OBJC_ARC = YES;
				CLANG_WARN_BLOCK_CAPTURE_AUTORELEASING = YES;
				CLANG_WARN_BOOL_CONVERSION = YES;
				CLANG_WARN_COMMA = YES;
				CLANG_WARN_CONSTANT_CONVERSION = YES;
				CLANG_WARN_DIRECT_OBJC_ISA_USAGE = YES_ERROR;
				CLANG_WARN_DOCUMENTATION_COMMENTS = YES;
				CLANG_WARN_EMPTY_BODY = YES;
				CLANG_WARN_ENUM_CONVERSION = YES;
				CLANG_WARN_INFINITE_RECURSION = YES;
				CLANG_WARN_INT_CONVERSION = YES;
				CLANG_WARN_NON_LITERAL_NULL_CONVERSION = YES;
				CLANG_WARN_OBJC_LITERAL_CONVERSION = YES;
				CLANG_WARN_OBJC_ROOT_CLASS = YES_ERROR;
				CLANG_WARN_RANGE_LOOP_ANALYSIS = YES;
				CLANG_WARN_STRICT_PROTOTYPES = YES;
				CLANG_WARN_SUSPICIOUS_MOVE = YES;
				CLANG_WARN_UNGUARDED_AVAILABILITY = YES_AGGRESSIVE;
				CLANG_WARN_UNREACHABLE_CODE = YES;
				CLANG_WARN__DUPLICATE_METHOD_MATCH = YES;
				CODE_SIGN_IDENTITY = "iPhone Developer";
				COPY_PHASE_STRIP = NO;
				DEBUG_INFORMATION_FORMAT = dwarf;
				ENABLE_STRICT_OBJC_MSGSEND = YES;
				ENABLE_TESTABILITY = YES;
				GCC_C_LANGUAGE_STANDARD = gnu11;
				GCC_DYNAMIC_NO_PIC = NO;
				GCC_NO_COMMON_BLOCKS = YES;
				GCC_OPTIMIZATION_LEVEL = 0;
				GCC_PREPROCESSOR_DEFINITIONS = (
					"DEBUG=1",
					"$(inherited)",
				);
				GCC_WARN_64_TO_32_BIT_CONVERSION = YES;
				GCC_WARN_ABOUT_RETURN_TYPE = YES_ERROR;
				GCC_WARN_UNDECLARED_SELECTOR = YES;
				GCC_WARN_UNINITIALIZED_AUTOS = YES_AGGRESSIVE;
				GCC_WARN_UNUSED_FUNCTION = YES;
				GCC_WARN_UNUSED_VARIABLE = YES;
				IPHONEOS_DEPLOYMENT_TARGET = 11.1;
				MTL_ENABLE_DEBUG_INFO = YES;
				ONLY_ACTIVE_ARCH = YES;
				SDKROOT = iphoneos;
				SWIFT_ACTIVE_COMPILATION_CONDITIONS = DEBUG;
				SWIFT_OPTIMIZATION_LEVEL = "-Onone";
			};
			name = Debug;
		};
		D68997D91FCF9DAA0008F831 /* Release */ = {
			isa = XCBuildConfiguration;
			buildSettings = {
				ALWAYS_SEARCH_USER_PATHS = NO;
				CLANG_ANALYZER_NONNULL = YES;
				CLANG_ANALYZER_NUMBER_OBJECT_CONVERSION = YES_AGGRESSIVE;
				CLANG_CXX_LANGUAGE_STANDARD = "gnu++14";
				CLANG_CXX_LIBRARY = "libc++";
				CLANG_ENABLE_MODULES = YES;
				CLANG_ENABLE_OBJC_ARC = YES;
				CLANG_WARN_BLOCK_CAPTURE_AUTORELEASING = YES;
				CLANG_WARN_BOOL_CONVERSION = YES;
				CLANG_WARN_COMMA = YES;
				CLANG_WARN_CONSTANT_CONVERSION = YES;
				CLANG_WARN_DIRECT_OBJC_ISA_USAGE = YES_ERROR;
				CLANG_WARN_DOCUMENTATION_COMMENTS = YES;
				CLANG_WARN_EMPTY_BODY = YES;
				CLANG_WARN_ENUM_CONVERSION = YES;
				CLANG_WARN_INFINITE_RECURSION = YES;
				CLANG_WARN_INT_CONVERSION = YES;
				CLANG_WARN_NON_LITERAL_NULL_CONVERSION = YES;
				CLANG_WARN_OBJC_LITERAL_CONVERSION = YES;
				CLANG_WARN_OBJC_ROOT_CLASS = YES_ERROR;
				CLANG_WARN_RANGE_LOOP_ANALYSIS = YES;
				CLANG_WARN_STRICT_PROTOTYPES = YES;
				CLANG_WARN_SUSPICIOUS_MOVE = YES;
				CLANG_WARN_UNGUARDED_AVAILABILITY = YES_AGGRESSIVE;
				CLANG_WARN_UNREACHABLE_CODE = YES;
				CLANG_WARN__DUPLICATE_METHOD_MATCH = YES;
				CODE_SIGN_IDENTITY = "iPhone Developer";
				COPY_PHASE_STRIP = NO;
				DEBUG_INFORMATION_FORMAT = "dwarf-with-dsym";
				ENABLE_NS_ASSERTIONS = NO;
				ENABLE_STRICT_OBJC_MSGSEND = YES;
				GCC_C_LANGUAGE_STANDARD = gnu11;
				GCC_NO_COMMON_BLOCKS = YES;
				GCC_WARN_64_TO_32_BIT_CONVERSION = YES;
				GCC_WARN_ABOUT_RETURN_TYPE = YES_ERROR;
				GCC_WARN_UNDECLARED_SELECTOR = YES;
				GCC_WARN_UNINITIALIZED_AUTOS = YES_AGGRESSIVE;
				GCC_WARN_UNUSED_FUNCTION = YES;
				GCC_WARN_UNUSED_VARIABLE = YES;
				IPHONEOS_DEPLOYMENT_TARGET = 11.1;
				MTL_ENABLE_DEBUG_INFO = NO;
				SDKROOT = iphoneos;
				SWIFT_OPTIMIZATION_LEVEL = "-Owholemodule";
				VALIDATE_PRODUCT = YES;
			};
			name = Release;
		};
		D68997DB1FCF9DAA0008F831 /* Debug */ = {
			isa = XCBuildConfiguration;
			buildSettings = {
				ASSETCATALOG_COMPILER_APPICON_NAME = AppIcon;
				CODE_SIGN_STYLE = Automatic;
				INFOPLIST_FILE = BusyBoBo/Info.plist;
				LD_RUNPATH_SEARCH_PATHS = "$(inherited) @executable_path/Frameworks";
				PRODUCT_BUNDLE_IDENTIFIER = BusyBoBo.BusyBoBo;
				PRODUCT_NAME = "$(TARGET_NAME)";
				SWIFT_VERSION = 4.0;
				TARGETED_DEVICE_FAMILY = "1,2";
			};
			name = Debug;
		};
		D68997DC1FCF9DAA0008F831 /* Release */ = {
			isa = XCBuildConfiguration;
			buildSettings = {
				ASSETCATALOG_COMPILER_APPICON_NAME = AppIcon;
				CODE_SIGN_STYLE = Automatic;
				INFOPLIST_FILE = BusyBoBo/Info.plist;
				LD_RUNPATH_SEARCH_PATHS = "$(inherited) @executable_path/Frameworks";
				PRODUCT_BUNDLE_IDENTIFIER = BusyBoBo.BusyBoBo;
				PRODUCT_NAME = "$(TARGET_NAME)";
				SWIFT_VERSION = 4.0;
				TARGETED_DEVICE_FAMILY = "1,2";
			};
			name = Release;
		};
/* End XCBuildConfiguration section */

/* Begin XCConfigurationList section */
		D68997C31FCF9DA90008F831 /* Build configuration list for PBXProject "BusyBoBo" */ = {
			isa = XCConfigurationList;
			buildConfigurations = (
				D68997D81FCF9DAA0008F831 /* Debug */,
				D68997D91FCF9DAA0008F831 /* Release */,
			);
			defaultConfigurationIsVisible = 0;
			defaultConfigurationName = Release;
		};
		D68997DA1FCF9DAA0008F831 /* Build configuration list for PBXNativeTarget "BusyBoBo" */ = {
			isa = XCConfigurationList;
			buildConfigurations = (
				D68997DB1FCF9DAA0008F831 /* Debug */,
				D68997DC1FCF9DAA0008F831 /* Release */,
			);
			defaultConfigurationIsVisible = 0;
			defaultConfigurationName = Release;
		};
/* End XCConfigurationList section */
	};
	rootObject = D68997C01FCF9DA90008F831 /* Project object */;
}
